// !$*UTF8*$!
{
	archiveVersion = 1;
	classes = {
	};
	objectVersion = 56;
	objects = {

/* Begin PBXBuildFile section */
		8E67018D2AC20DE900E080D8 /* FavoriteViewController.swift in Sources */ = {isa = PBXBuildFile; fileRef = 8E67018C2AC20DE900E080D8 /* FavoriteViewController.swift */; };
		8E6701972AC368BC00E080D8 /* CoreDataManager.swift in Sources */ = {isa = PBXBuildFile; fileRef = 8E6701962AC368BC00E080D8 /* CoreDataManager.swift */; };
		8E6701992ACC9CB200E080D8 /* FavoritesCell.swift in Sources */ = {isa = PBXBuildFile; fileRef = 8E6701982ACC9CB200E080D8 /* FavoritesCell.swift */; };
		8E83305F2A9F0CAA00AEB7BA /* AppDelegate.swift in Sources */ = {isa = PBXBuildFile; fileRef = 8E83305E2A9F0CAA00AEB7BA /* AppDelegate.swift */; };
		8E8330612A9F0CAA00AEB7BA /* SceneDelegate.swift in Sources */ = {isa = PBXBuildFile; fileRef = 8E8330602A9F0CAA00AEB7BA /* SceneDelegate.swift */; };
		8E8330632A9F0CAA00AEB7BA /* ViewController.swift in Sources */ = {isa = PBXBuildFile; fileRef = 8E8330622A9F0CAA00AEB7BA /* ViewController.swift */; };
		8E8330662A9F0CAA00AEB7BA /* Main.storyboard in Resources */ = {isa = PBXBuildFile; fileRef = 8E8330642A9F0CAA00AEB7BA /* Main.storyboard */; };
		8E8330692A9F0CAA00AEB7BA /* AutoServeIOS.xcdatamodeld in Sources */ = {isa = PBXBuildFile; fileRef = 8E8330672A9F0CAA00AEB7BA /* AutoServeIOS.xcdatamodeld */; };
		8E83306B2A9F0CAD00AEB7BA /* Assets.xcassets in Resources */ = {isa = PBXBuildFile; fileRef = 8E83306A2A9F0CAD00AEB7BA /* Assets.xcassets */; };
		8E83306E2A9F0CAD00AEB7BA /* LaunchScreen.storyboard in Resources */ = {isa = PBXBuildFile; fileRef = 8E83306C2A9F0CAD00AEB7BA /* LaunchScreen.storyboard */; };
		8E8330792A9F0CAD00AEB7BA /* AutoServeIOSTests.swift in Sources */ = {isa = PBXBuildFile; fileRef = 8E8330782A9F0CAD00AEB7BA /* AutoServeIOSTests.swift */; };
		8E8330832A9F0CAD00AEB7BA /* AutoServeIOSUITests.swift in Sources */ = {isa = PBXBuildFile; fileRef = 8E8330822A9F0CAD00AEB7BA /* AutoServeIOSUITests.swift */; };
		8E8330852A9F0CAD00AEB7BA /* AutoServeIOSUITestsLaunchTests.swift in Sources */ = {isa = PBXBuildFile; fileRef = 8E8330842A9F0CAD00AEB7BA /* AutoServeIOSUITestsLaunchTests.swift */; };
		8E8330922AA2094500AEB7BA /* API_Manager.swift in Sources */ = {isa = PBXBuildFile; fileRef = 8E8330912AA2094500AEB7BA /* API_Manager.swift */; };
		8E8330952AA215FF00AEB7BA /* VehicleData.swift in Sources */ = {isa = PBXBuildFile; fileRef = 8E8330942AA215FF00AEB7BA /* VehicleData.swift */; };
		8ECDAB852AB232C0007B6B96 /* DisplayViewController.swift in Sources */ = {isa = PBXBuildFile; fileRef = 8ECDAB842AB232C0007B6B96 /* DisplayViewController.swift */; };
/* End PBXBuildFile section */

/* Begin PBXContainerItemProxy section */
		8E8330752A9F0CAD00AEB7BA /* PBXContainerItemProxy */ = {
			isa = PBXContainerItemProxy;
			containerPortal = 8E8330532A9F0CAA00AEB7BA /* Project object */;
			proxyType = 1;
			remoteGlobalIDString = 8E83305A2A9F0CAA00AEB7BA;
			remoteInfo = AutoServeIOS;
		};
		8E83307F2A9F0CAD00AEB7BA /* PBXContainerItemProxy */ = {
			isa = PBXContainerItemProxy;
			containerPortal = 8E8330532A9F0CAA00AEB7BA /* Project object */;
			proxyType = 1;
			remoteGlobalIDString = 8E83305A2A9F0CAA00AEB7BA;
			remoteInfo = AutoServeIOS;
		};
/* End PBXContainerItemProxy section */

/* Begin PBXFileReference section */
		8E67018C2AC20DE900E080D8 /* FavoriteViewController.swift */ = {isa = PBXFileReference; lastKnownFileType = sourcecode.swift; path = FavoriteViewController.swift; sourceTree = "<group>"; };
		8E6701962AC368BC00E080D8 /* CoreDataManager.swift */ = {isa = PBXFileReference; lastKnownFileType = sourcecode.swift; path = CoreDataManager.swift; sourceTree = "<group>"; };
		8E6701982ACC9CB200E080D8 /* FavoritesCell.swift */ = {isa = PBXFileReference; lastKnownFileType = sourcecode.swift; path = FavoritesCell.swift; sourceTree = "<group>"; };
		8E83305B2A9F0CAA00AEB7BA /* AutoServeIOS.app */ = {isa = PBXFileReference; explicitFileType = wrapper.application; includeInIndex = 0; path = AutoServeIOS.app; sourceTree = BUILT_PRODUCTS_DIR; };
		8E83305E2A9F0CAA00AEB7BA /* AppDelegate.swift */ = {isa = PBXFileReference; lastKnownFileType = sourcecode.swift; path = AppDelegate.swift; sourceTree = "<group>"; };
		8E8330602A9F0CAA00AEB7BA /* SceneDelegate.swift */ = {isa = PBXFileReference; lastKnownFileType = sourcecode.swift; path = SceneDelegate.swift; sourceTree = "<group>"; };
		8E8330622A9F0CAA00AEB7BA /* ViewController.swift */ = {isa = PBXFileReference; lastKnownFileType = sourcecode.swift; path = ViewController.swift; sourceTree = "<group>"; };
		8E8330652A9F0CAA00AEB7BA /* Base */ = {isa = PBXFileReference; lastKnownFileType = file.storyboard; name = Base; path = Base.lproj/Main.storyboard; sourceTree = "<group>"; };
		8E8330682A9F0CAA00AEB7BA /* AutoServeIOS.xcdatamodel */ = {isa = PBXFileReference; lastKnownFileType = wrapper.xcdatamodel; path = AutoServeIOS.xcdatamodel; sourceTree = "<group>"; };
		8E83306A2A9F0CAD00AEB7BA /* Assets.xcassets */ = {isa = PBXFileReference; lastKnownFileType = folder.assetcatalog; path = Assets.xcassets; sourceTree = "<group>"; };
		8E83306D2A9F0CAD00AEB7BA /* Base */ = {isa = PBXFileReference; lastKnownFileType = file.storyboard; name = Base; path = Base.lproj/LaunchScreen.storyboard; sourceTree = "<group>"; };
		8E83306F2A9F0CAD00AEB7BA /* Info.plist */ = {isa = PBXFileReference; lastKnownFileType = text.plist.xml; path = Info.plist; sourceTree = "<group>"; };
		8E8330742A9F0CAD00AEB7BA /* AutoServeIOSTests.xctest */ = {isa = PBXFileReference; explicitFileType = wrapper.cfbundle; includeInIndex = 0; path = AutoServeIOSTests.xctest; sourceTree = BUILT_PRODUCTS_DIR; };
		8E8330782A9F0CAD00AEB7BA /* AutoServeIOSTests.swift */ = {isa = PBXFileReference; lastKnownFileType = sourcecode.swift; path = AutoServeIOSTests.swift; sourceTree = "<group>"; };
		8E83307E2A9F0CAD00AEB7BA /* AutoServeIOSUITests.xctest */ = {isa = PBXFileReference; explicitFileType = wrapper.cfbundle; includeInIndex = 0; path = AutoServeIOSUITests.xctest; sourceTree = BUILT_PRODUCTS_DIR; };
		8E8330822A9F0CAD00AEB7BA /* AutoServeIOSUITests.swift */ = {isa = PBXFileReference; lastKnownFileType = sourcecode.swift; path = AutoServeIOSUITests.swift; sourceTree = "<group>"; };
		8E8330842A9F0CAD00AEB7BA /* AutoServeIOSUITestsLaunchTests.swift */ = {isa = PBXFileReference; lastKnownFileType = sourcecode.swift; path = AutoServeIOSUITestsLaunchTests.swift; sourceTree = "<group>"; };
		8E8330912AA2094500AEB7BA /* API_Manager.swift */ = {isa = PBXFileReference; lastKnownFileType = sourcecode.swift; path = API_Manager.swift; sourceTree = "<group>"; };
		8E8330942AA215FF00AEB7BA /* VehicleData.swift */ = {isa = PBXFileReference; lastKnownFileType = sourcecode.swift; path = VehicleData.swift; sourceTree = "<group>"; };
		8ECDAB842AB232C0007B6B96 /* DisplayViewController.swift */ = {isa = PBXFileReference; lastKnownFileType = sourcecode.swift; path = DisplayViewController.swift; sourceTree = "<group>"; };
/* End PBXFileReference section */

/* Begin PBXFrameworksBuildPhase section */
		8E8330582A9F0CAA00AEB7BA /* Frameworks */ = {
			isa = PBXFrameworksBuildPhase;
			buildActionMask = 2147483647;
			files = (
			);
			runOnlyForDeploymentPostprocessing = 0;
		};
		8E8330712A9F0CAD00AEB7BA /* Frameworks */ = {
			isa = PBXFrameworksBuildPhase;
			buildActionMask = 2147483647;
			files = (
			);
			runOnlyForDeploymentPostprocessing = 0;
		};
		8E83307B2A9F0CAD00AEB7BA /* Frameworks */ = {
			isa = PBXFrameworksBuildPhase;
			buildActionMask = 2147483647;
			files = (
			);
			runOnlyForDeploymentPostprocessing = 0;
		};
/* End PBXFrameworksBuildPhase section */

/* Begin PBXGroup section */
		8E6701952AC367C600E080D8 /* Managers */ = {
			isa = PBXGroup;
			children = (
				8E6701962AC368BC00E080D8 /* CoreDataManager.swift */,
			);
			path = Managers;
			sourceTree = "<group>";
		};
		8E67019A2ACC9CBF00E080D8 /* Cells */ = {
			isa = PBXGroup;
			children = (
				8E6701982ACC9CB200E080D8 /* FavoritesCell.swift */,
			);
			path = Cells;
			sourceTree = "<group>";
		};
		8E8330522A9F0CAA00AEB7BA = {
			isa = PBXGroup;
			children = (
				8E83305D2A9F0CAA00AEB7BA /* AutoServeIOS */,
				8E8330772A9F0CAD00AEB7BA /* AutoServeIOSTests */,
				8E8330812A9F0CAD00AEB7BA /* AutoServeIOSUITests */,
				8E83305C2A9F0CAA00AEB7BA /* Products */,
			);
			sourceTree = "<group>";
		};
		8E83305C2A9F0CAA00AEB7BA /* Products */ = {
			isa = PBXGroup;
			children = (
				8E83305B2A9F0CAA00AEB7BA /* AutoServeIOS.app */,
				8E8330742A9F0CAD00AEB7BA /* AutoServeIOSTests.xctest */,
				8E83307E2A9F0CAD00AEB7BA /* AutoServeIOSUITests.xctest */,
			);
			name = Products;
			sourceTree = "<group>";
		};
		8E83305D2A9F0CAA00AEB7BA /* AutoServeIOS */ = {
			isa = PBXGroup;
			children = (
				8E67019A2ACC9CBF00E080D8 /* Cells */,
				8E6701952AC367C600E080D8 /* Managers */,
				8ECDAB832AB23282007B6B96 /* ViewControllers */,
				8E8330932AA2095300AEB7BA /* Model */,
				8E83305E2A9F0CAA00AEB7BA /* AppDelegate.swift */,
				8E8330602A9F0CAA00AEB7BA /* SceneDelegate.swift */,
				8E8330642A9F0CAA00AEB7BA /* Main.storyboard */,
				8E83306A2A9F0CAD00AEB7BA /* Assets.xcassets */,
				8E83306C2A9F0CAD00AEB7BA /* LaunchScreen.storyboard */,
				8E83306F2A9F0CAD00AEB7BA /* Info.plist */,
			);
			path = AutoServeIOS;
			sourceTree = "<group>";
		};
		8E8330772A9F0CAD00AEB7BA /* AutoServeIOSTests */ = {
			isa = PBXGroup;
			children = (
				8E8330782A9F0CAD00AEB7BA /* AutoServeIOSTests.swift */,
			);
			path = AutoServeIOSTests;
			sourceTree = "<group>";
		};
		8E8330812A9F0CAD00AEB7BA /* AutoServeIOSUITests */ = {
			isa = PBXGroup;
			children = (
				8E8330822A9F0CAD00AEB7BA /* AutoServeIOSUITests.swift */,
				8E8330842A9F0CAD00AEB7BA /* AutoServeIOSUITestsLaunchTests.swift */,
			);
			path = AutoServeIOSUITests;
			sourceTree = "<group>";
		};
		8E8330932AA2095300AEB7BA /* Model */ = {
			isa = PBXGroup;
			children = (
				8E8330912AA2094500AEB7BA /* API_Manager.swift */,
				8E8330942AA215FF00AEB7BA /* VehicleData.swift */,
				8E8330672A9F0CAA00AEB7BA /* AutoServeIOS.xcdatamodeld */,
			);
			path = Model;
			sourceTree = "<group>";
		};
		8ECDAB832AB23282007B6B96 /* ViewControllers */ = {
			isa = PBXGroup;
			children = (
				8E67018C2AC20DE900E080D8 /* FavoriteViewController.swift */,
				8E8330622A9F0CAA00AEB7BA /* ViewController.swift */,
				8ECDAB842AB232C0007B6B96 /* DisplayViewController.swift */,
			);
			path = ViewControllers;
			sourceTree = "<group>";
		};
/* End PBXGroup section */

/* Begin PBXNativeTarget section */
		8E83305A2A9F0CAA00AEB7BA /* AutoServeIOS */ = {
			isa = PBXNativeTarget;
			buildConfigurationList = 8E8330882A9F0CAD00AEB7BA /* Build configuration list for PBXNativeTarget "AutoServeIOS" */;
			buildPhases = (
				8E8330572A9F0CAA00AEB7BA /* Sources */,
				8E8330582A9F0CAA00AEB7BA /* Frameworks */,
				8E8330592A9F0CAA00AEB7BA /* Resources */,
			);
			buildRules = (
			);
			dependencies = (
			);
			name = AutoServeIOS;
			productName = AutoServeIOS;
			productReference = 8E83305B2A9F0CAA00AEB7BA /* AutoServeIOS.app */;
			productType = "com.apple.product-type.application";
		};
		8E8330732A9F0CAD00AEB7BA /* AutoServeIOSTests */ = {
			isa = PBXNativeTarget;
			buildConfigurationList = 8E83308B2A9F0CAD00AEB7BA /* Build configuration list for PBXNativeTarget "AutoServeIOSTests" */;
			buildPhases = (
				8E8330702A9F0CAD00AEB7BA /* Sources */,
				8E8330712A9F0CAD00AEB7BA /* Frameworks */,
				8E8330722A9F0CAD00AEB7BA /* Resources */,
			);
			buildRules = (
			);
			dependencies = (
				8E8330762A9F0CAD00AEB7BA /* PBXTargetDependency */,
			);
			name = AutoServeIOSTests;
			productName = AutoServeIOSTests;
			productReference = 8E8330742A9F0CAD00AEB7BA /* AutoServeIOSTests.xctest */;
			productType = "com.apple.product-type.bundle.unit-test";
		};
		8E83307D2A9F0CAD00AEB7BA /* AutoServeIOSUITests */ = {
			isa = PBXNativeTarget;
			buildConfigurationList = 8E83308E2A9F0CAD00AEB7BA /* Build configuration list for PBXNativeTarget "AutoServeIOSUITests" */;
			buildPhases = (
				8E83307A2A9F0CAD00AEB7BA /* Sources */,
				8E83307B2A9F0CAD00AEB7BA /* Frameworks */,
				8E83307C2A9F0CAD00AEB7BA /* Resources */,
			);
			buildRules = (
			);
			dependencies = (
				8E8330802A9F0CAD00AEB7BA /* PBXTargetDependency */,
			);
			name = AutoServeIOSUITests;
			productName = AutoServeIOSUITests;
			productReference = 8E83307E2A9F0CAD00AEB7BA /* AutoServeIOSUITests.xctest */;
			productType = "com.apple.product-type.bundle.ui-testing";
		};
/* End PBXNativeTarget section */

/* Begin PBXProject section */
		8E8330532A9F0CAA00AEB7BA /* Project object */ = {
			isa = PBXProject;
			attributes = {
				BuildIndependentTargetsInParallel = 1;
				LastSwiftUpdateCheck = 1410;
				LastUpgradeCheck = 1410;
				TargetAttributes = {
					8E83305A2A9F0CAA00AEB7BA = {
						CreatedOnToolsVersion = 14.1;
					};
					8E8330732A9F0CAD00AEB7BA = {
						CreatedOnToolsVersion = 14.1;
						TestTargetID = 8E83305A2A9F0CAA00AEB7BA;
					};
					8E83307D2A9F0CAD00AEB7BA = {
						CreatedOnToolsVersion = 14.1;
						TestTargetID = 8E83305A2A9F0CAA00AEB7BA;
					};
				};
			};
			buildConfigurationList = 8E8330562A9F0CAA00AEB7BA /* Build configuration list for PBXProject "AutoServeIOS" */;
			compatibilityVersion = "Xcode 14.0";
			developmentRegion = en;
			hasScannedForEncodings = 0;
			knownRegions = (
				en,
				Base,
			);
			mainGroup = 8E8330522A9F0CAA00AEB7BA;
			productRefGroup = 8E83305C2A9F0CAA00AEB7BA /* Products */;
			projectDirPath = "";
			projectRoot = "";
			targets = (
				8E83305A2A9F0CAA00AEB7BA /* AutoServeIOS */,
				8E8330732A9F0CAD00AEB7BA /* AutoServeIOSTests */,
				8E83307D2A9F0CAD00AEB7BA /* AutoServeIOSUITests */,
			);
		};
/* End PBXProject section */

/* Begin PBXResourcesBuildPhase section */
		8E8330592A9F0CAA00AEB7BA /* Resources */ = {
			isa = PBXResourcesBuildPhase;
			buildActionMask = 2147483647;
			files = (
				8E83306E2A9F0CAD00AEB7BA /* LaunchScreen.storyboard in Resources */,
				8E83306B2A9F0CAD00AEB7BA /* Assets.xcassets in Resources */,
				8E8330662A9F0CAA00AEB7BA /* Main.storyboard in Resources */,
			);
			runOnlyForDeploymentPostprocessing = 0;
		};
		8E8330722A9F0CAD00AEB7BA /* Resources */ = {
			isa = PBXResourcesBuildPhase;
			buildActionMask = 2147483647;
			files = (
			);
			runOnlyForDeploymentPostprocessing = 0;
		};
		8E83307C2A9F0CAD00AEB7BA /* Resources */ = {
			isa = PBXResourcesBuildPhase;
			buildActionMask = 2147483647;
			files = (
			);
			runOnlyForDeploymentPostprocessing = 0;
		};
/* End PBXResourcesBuildPhase section */

/* Begin PBXSourcesBuildPhase section */
		8E8330572A9F0CAA00AEB7BA /* Sources */ = {
			isa = PBXSourcesBuildPhase;
			buildActionMask = 2147483647;
			files = (
				8E8330632A9F0CAA00AEB7BA /* ViewController.swift in Sources */,
				8ECDAB852AB232C0007B6B96 /* DisplayViewController.swift in Sources */,
				8E83305F2A9F0CAA00AEB7BA /* AppDelegate.swift in Sources */,
				8E6701992ACC9CB200E080D8 /* FavoritesCell.swift in Sources */,
				8E8330952AA215FF00AEB7BA /* VehicleData.swift in Sources */,
				8E8330922AA2094500AEB7BA /* API_Manager.swift in Sources */,
				8E8330692A9F0CAA00AEB7BA /* AutoServeIOS.xcdatamodeld in Sources */,
				8E6701972AC368BC00E080D8 /* CoreDataManager.swift in Sources */,
				8E67018D2AC20DE900E080D8 /* FavoriteViewController.swift in Sources */,
				8E8330612A9F0CAA00AEB7BA /* SceneDelegate.swift in Sources */,
			);
			runOnlyForDeploymentPostprocessing = 0;
		};
		8E8330702A9F0CAD00AEB7BA /* Sources */ = {
			isa = PBXSourcesBuildPhase;
			buildActionMask = 2147483647;
			files = (
				8E8330792A9F0CAD00AEB7BA /* AutoServeIOSTests.swift in Sources */,
			);
			runOnlyForDeploymentPostprocessing = 0;
		};
		8E83307A2A9F0CAD00AEB7BA /* Sources */ = {
			isa = PBXSourcesBuildPhase;
			buildActionMask = 2147483647;
			files = (
				8E8330832A9F0CAD00AEB7BA /* AutoServeIOSUITests.swift in Sources */,
				8E8330852A9F0CAD00AEB7BA /* AutoServeIOSUITestsLaunchTests.swift in Sources */,
			);
			runOnlyForDeploymentPostprocessing = 0;
		};
/* End PBXSourcesBuildPhase section */

/* Begin PBXTargetDependency section */
		8E8330762A9F0CAD00AEB7BA /* PBXTargetDependency */ = {
			isa = PBXTargetDependency;
			target = 8E83305A2A9F0CAA00AEB7BA /* AutoServeIOS */;
			targetProxy = 8E8330752A9F0CAD00AEB7BA /* PBXContainerItemProxy */;
		};
		8E8330802A9F0CAD00AEB7BA /* PBXTargetDependency */ = {
			isa = PBXTargetDependency;
			target = 8E83305A2A9F0CAA00AEB7BA /* AutoServeIOS */;
			targetProxy = 8E83307F2A9F0CAD00AEB7BA /* PBXContainerItemProxy */;
		};
/* End PBXTargetDependency section */

/* Begin PBXVariantGroup section */
		8E8330642A9F0CAA00AEB7BA /* Main.storyboard */ = {
			isa = PBXVariantGroup;
			children = (
				8E8330652A9F0CAA00AEB7BA /* Base */,
			);
			name = Main.storyboard;
			sourceTree = "<group>";
		};
		8E83306C2A9F0CAD00AEB7BA /* LaunchScreen.storyboard */ = {
			isa = PBXVariantGroup;
			children = (
				8E83306D2A9F0CAD00AEB7BA /* Base */,
			);
			name = LaunchScreen.storyboard;
			sourceTree = "<group>";
		};
/* End PBXVariantGroup section */

/* Begin XCBuildConfiguration section */
		8E8330862A9F0CAD00AEB7BA /* Debug */ = {
			isa = XCBuildConfiguration;
			buildSettings = {
				ALWAYS_SEARCH_USER_PATHS = NO;
				CLANG_ANALYZER_NONNULL = YES;
				CLANG_ANALYZER_NUMBER_OBJECT_CONVERSION = YES_AGGRESSIVE;
				CLANG_CXX_LANGUAGE_STANDARD = "gnu++20";
				CLANG_ENABLE_MODULES = YES;
				CLANG_ENABLE_OBJC_ARC = YES;
				CLANG_ENABLE_OBJC_WEAK = YES;
				CLANG_WARN_BLOCK_CAPTURE_AUTORELEASING = YES;
				CLANG_WARN_BOOL_CONVERSION = YES;
				CLANG_WARN_COMMA = YES;
				CLANG_WARN_CONSTANT_CONVERSION = YES;
				CLANG_WARN_DEPRECATED_OBJC_IMPLEMENTATIONS = YES;
				CLANG_WARN_DIRECT_OBJC_ISA_USAGE = YES_ERROR;
				CLANG_WARN_DOCUMENTATION_COMMENTS = YES;
				CLANG_WARN_EMPTY_BODY = YES;
				CLANG_WARN_ENUM_CONVERSION = YES;
				CLANG_WARN_INFINITE_RECURSION = YES;
				CLANG_WARN_INT_CONVERSION = YES;
				CLANG_WARN_NON_LITERAL_NULL_CONVERSION = YES;
				CLANG_WARN_OBJC_IMPLICIT_RETAIN_SELF = YES;
				CLANG_WARN_OBJC_LITERAL_CONVERSION = YES;
				CLANG_WARN_OBJC_ROOT_CLASS = YES_ERROR;
				CLANG_WARN_QUOTED_INCLUDE_IN_FRAMEWORK_HEADER = YES;
				CLANG_WARN_RANGE_LOOP_ANALYSIS = YES;
				CLANG_WARN_STRICT_PROTOTYPES = YES;
				CLANG_WARN_SUSPICIOUS_MOVE = YES;
				CLANG_WARN_UNGUARDED_AVAILABILITY = YES_AGGRESSIVE;
				CLANG_WARN_UNREACHABLE_CODE = YES;
				CLANG_WARN__DUPLICATE_METHOD_MATCH = YES;
				COPY_PHASE_STRIP = NO;
				DEBUG_INFORMATION_FORMAT = dwarf;
				ENABLE_STRICT_OBJC_MSGSEND = YES;
				ENABLE_TESTABILITY = YES;
				GCC_C_LANGUAGE_STANDARD = gnu11;
				GCC_DYNAMIC_NO_PIC = NO;
				GCC_NO_COMMON_BLOCKS = YES;
				GCC_OPTIMIZATION_LEVEL = 0;
				GCC_PREPROCESSOR_DEFINITIONS = (
					"DEBUG=1",
					"$(inherited)",
				);
				GCC_WARN_64_TO_32_BIT_CONVERSION = YES;
				GCC_WARN_ABOUT_RETURN_TYPE = YES_ERROR;
				GCC_WARN_UNDECLARED_SELECTOR = YES;
				GCC_WARN_UNINITIALIZED_AUTOS = YES_AGGRESSIVE;
				GCC_WARN_UNUSED_FUNCTION = YES;
				GCC_WARN_UNUSED_VARIABLE = YES;
				IPHONEOS_DEPLOYMENT_TARGET = 16.1;
				MTL_ENABLE_DEBUG_INFO = INCLUDE_SOURCE;
				MTL_FAST_MATH = YES;
				ONLY_ACTIVE_ARCH = YES;
				SDKROOT = iphoneos;
				SWIFT_ACTIVE_COMPILATION_CONDITIONS = DEBUG;
				SWIFT_OPTIMIZATION_LEVEL = "-Onone";
			};
			name = Debug;
		};
		8E8330872A9F0CAD00AEB7BA /* Release */ = {
			isa = XCBuildConfiguration;
			buildSettings = {
				ALWAYS_SEARCH_USER_PATHS = NO;
				CLANG_ANALYZER_NONNULL = YES;
				CLANG_ANALYZER_NUMBER_OBJECT_CONVERSION = YES_AGGRESSIVE;
				CLANG_CXX_LANGUAGE_STANDARD = "gnu++20";
				CLANG_ENABLE_MODULES = YES;
				CLANG_ENABLE_OBJC_ARC = YES;
				CLANG_ENABLE_OBJC_WEAK = YES;
				CLANG_WARN_BLOCK_CAPTURE_AUTORELEASING = YES;
				CLANG_WARN_BOOL_CONVERSION = YES;
				CLANG_WARN_COMMA = YES;
				CLANG_WARN_CONSTANT_CONVERSION = YES;
				CLANG_WARN_DEPRECATED_OBJC_IMPLEMENTATIONS = YES;
				CLANG_WARN_DIRECT_OBJC_ISA_USAGE = YES_ERROR;
				CLANG_WARN_DOCUMENTATION_COMMENTS = YES;
				CLANG_WARN_EMPTY_BODY = YES;
				CLANG_WARN_ENUM_CONVERSION = YES;
				CLANG_WARN_INFINITE_RECURSION = YES;
				CLANG_WARN_INT_CONVERSION = YES;
				CLANG_WARN_NON_LITERAL_NULL_CONVERSION = YES;
				CLANG_WARN_OBJC_IMPLICIT_RETAIN_SELF = YES;
				CLANG_WARN_OBJC_LITERAL_CONVERSION = YES;
				CLANG_WARN_OBJC_ROOT_CLASS = YES_ERROR;
				CLANG_WARN_QUOTED_INCLUDE_IN_FRAMEWORK_HEADER = YES;
				CLANG_WARN_RANGE_LOOP_ANALYSIS = YES;
				CLANG_WARN_STRICT_PROTOTYPES = YES;
				CLANG_WARN_SUSPICIOUS_MOVE = YES;
				CLANG_WARN_UNGUARDED_AVAILABILITY = YES_AGGRESSIVE;
				CLANG_WARN_UNREACHABLE_CODE = YES;
				CLANG_WARN__DUPLICATE_METHOD_MATCH = YES;
				COPY_PHASE_STRIP = NO;
				DEBUG_INFORMATION_FORMAT = "dwarf-with-dsym";
				ENABLE_NS_ASSERTIONS = NO;
				ENABLE_STRICT_OBJC_MSGSEND = YES;
				GCC_C_LANGUAGE_STANDARD = gnu11;
				GCC_NO_COMMON_BLOCKS = YES;
				GCC_WARN_64_TO_32_BIT_CONVERSION = YES;
				GCC_WARN_ABOUT_RETURN_TYPE = YES_ERROR;
				GCC_WARN_UNDECLARED_SELECTOR = YES;
				GCC_WARN_UNINITIALIZED_AUTOS = YES_AGGRESSIVE;
				GCC_WARN_UNUSED_FUNCTION = YES;
				GCC_WARN_UNUSED_VARIABLE = YES;
				IPHONEOS_DEPLOYMENT_TARGET = 16.1;
				MTL_ENABLE_DEBUG_INFO = NO;
				MTL_FAST_MATH = YES;
				SDKROOT = iphoneos;
				SWIFT_COMPILATION_MODE = wholemodule;
				SWIFT_OPTIMIZATION_LEVEL = "-O";
				VALIDATE_PRODUCT = YES;
			};
			name = Release;
		};
		8E8330892A9F0CAD00AEB7BA /* Debug */ = {
			isa = XCBuildConfiguration;
			buildSettings = {
				ASSETCATALOG_COMPILER_APPICON_NAME = AppIcon;
				ASSETCATALOG_COMPILER_GLOBAL_ACCENT_COLOR_NAME = AccentColor;
				CODE_SIGN_STYLE = Automatic;
				CURRENT_PROJECT_VERSION = 1;
				DEVELOPMENT_TEAM = L38H27WM4C;
				GENERATE_INFOPLIST_FILE = YES;
				INFOPLIST_FILE = AutoServeIOS/Info.plist;
				INFOPLIST_KEY_UIApplicationSupportsIndirectInputEvents = YES;
				INFOPLIST_KEY_UILaunchStoryboardName = LaunchScreen;
				INFOPLIST_KEY_UIMainStoryboardFile = Main;
				INFOPLIST_KEY_UISupportedInterfaceOrientations_iPad = "UIInterfaceOrientationPortrait UIInterfaceOrientationPortraitUpsideDown UIInterfaceOrientationLandscapeLeft UIInterfaceOrientationLandscapeRight";
				INFOPLIST_KEY_UISupportedInterfaceOrientations_iPhone = "UIInterfaceOrientationPortrait UIInterfaceOrientationLandscapeLeft UIInterfaceOrientationLandscapeRight";
				IPHONEOS_DEPLOYMENT_TARGET = 16.1;
				LD_RUNPATH_SEARCH_PATHS = (
					"$(inherited)",
					"@executable_path/Frameworks",
				);
				MARKETING_VERSION = 1.0;
				PRODUCT_BUNDLE_IDENTIFIER = com.infiniteminds.AutoServeIOS;
				PRODUCT_NAME = "$(TARGET_NAME)";
				SWIFT_EMIT_LOC_STRINGS = YES;
				SWIFT_VERSION = 5.0;
				TARGETED_DEVICE_FAMILY = "1,2";
			};
			name = Debug;
		};
		8E83308A2A9F0CAD00AEB7BA /* Release */ = {
			isa = XCBuildConfiguration;
			buildSettings = {
				ASSETCATALOG_COMPILER_APPICON_NAME = AppIcon;
				ASSETCATALOG_COMPILER_GLOBAL_ACCENT_COLOR_NAME = AccentColor;
				CODE_SIGN_STYLE = Automatic;
				CURRENT_PROJECT_VERSION = 1;
				DEVELOPMENT_TEAM = L38H27WM4C;
				GENERATE_INFOPLIST_FILE = YES;
				INFOPLIST_FILE = AutoServeIOS/Info.plist;
				INFOPLIST_KEY_UIApplicationSupportsIndirectInputEvents = YES;
				INFOPLIST_KEY_UILaunchStoryboardName = LaunchScreen;
				INFOPLIST_KEY_UIMainStoryboardFile = Main;
				INFOPLIST_KEY_UISupportedInterfaceOrientations_iPad = "UIInterfaceOrientationPortrait UIInterfaceOrientationPortraitUpsideDown UIInterfaceOrientationLandscapeLeft UIInterfaceOrientationLandscapeRight";
				INFOPLIST_KEY_UISupportedInterfaceOrientations_iPhone = "UIInterfaceOrientationPortrait UIInterfaceOrientationLandscapeLeft UIInterfaceOrientationLandscapeRight";
				IPHONEOS_DEPLOYMENT_TARGET = 16.1;
				LD_RUNPATH_SEARCH_PATHS = (
					"$(inherited)",
					"@executable_path/Frameworks",
				);
				MARKETING_VERSION = 1.0;
				PRODUCT_BUNDLE_IDENTIFIER = com.infiniteminds.AutoServeIOS;
				PRODUCT_NAME = "$(TARGET_NAME)";
				SWIFT_EMIT_LOC_STRINGS = YES;
				SWIFT_VERSION = 5.0;
				TARGETED_DEVICE_FAMILY = "1,2";
			};
			name = Release;
		};
		8E83308C2A9F0CAD00AEB7BA /* Debug */ = {
			isa = XCBuildConfiguration;
			buildSettings = {
				ALWAYS_EMBED_SWIFT_STANDARD_LIBRARIES = YES;
				BUNDLE_LOADER = "$(TEST_HOST)";
				CODE_SIGN_STYLE = Automatic;
				CURRENT_PROJECT_VERSION = 1;
				DEVELOPMENT_TEAM = L38H27WM4C;
				GENERATE_INFOPLIST_FILE = YES;
				IPHONEOS_DEPLOYMENT_TARGET = 16.1;
				MARKETING_VERSION = 1.0;
				PRODUCT_BUNDLE_IDENTIFIER = com.infiniteminds.AutoServeIOSTests;
				PRODUCT_NAME = "$(TARGET_NAME)";
				SWIFT_EMIT_LOC_STRINGS = NO;
				SWIFT_VERSION = 5.0;
				TARGETED_DEVICE_FAMILY = "1,2";
				TEST_HOST = "$(BUILT_PRODUCTS_DIR)/AutoServeIOS.app/$(BUNDLE_EXECUTABLE_FOLDER_PATH)/AutoServeIOS";
			};
			name = Debug;
		};
		8E83308D2A9F0CAD00AEB7BA /* Release */ = {
			isa = XCBuildConfiguration;
			buildSettings = {
				ALWAYS_EMBED_SWIFT_STANDARD_LIBRARIES = YES;
				BUNDLE_LOADER = "$(TEST_HOST)";
				CODE_SIGN_STYLE = Automatic;
				CURRENT_PROJECT_VERSION = 1;
				DEVELOPMENT_TEAM = L38H27WM4C;
				GENERATE_INFOPLIST_FILE = YES;
				IPHONEOS_DEPLOYMENT_TARGET = 16.1;
				MARKETING_VERSION = 1.0;
				PRODUCT_BUNDLE_IDENTIFIER = com.infiniteminds.AutoServeIOSTests;
				PRODUCT_NAME = "$(TARGET_NAME)";
				SWIFT_EMIT_LOC_STRINGS = NO;
				SWIFT_VERSION = 5.0;
				TARGETED_DEVICE_FAMILY = "1,2";
				TEST_HOST = "$(BUILT_PRODUCTS_DIR)/AutoServeIOS.app/$(BUNDLE_EXECUTABLE_FOLDER_PATH)/AutoServeIOS";
			};
			name = Release;
		};
		8E83308F2A9F0CAD00AEB7BA /* Debug */ = {
			isa = XCBuildConfiguration;
			buildSettings = {
				ALWAYS_EMBED_SWIFT_STANDARD_LIBRARIES = YES;
				CODE_SIGN_STYLE = Automatic;
				CURRENT_PROJECT_VERSION = 1;
				DEVELOPMENT_TEAM = L38H27WM4C;
				GENERATE_INFOPLIST_FILE = YES;
				MARKETING_VERSION = 1.0;
				PRODUCT_BUNDLE_IDENTIFIER = com.infiniteminds.AutoServeIOSUITests;
				PRODUCT_NAME = "$(TARGET_NAME)";
				SWIFT_EMIT_LOC_STRINGS = NO;
				SWIFT_VERSION = 5.0;
				TARGETED_DEVICE_FAMILY = "1,2";
				TEST_TARGET_NAME = AutoServeIOS;
			};
			name = Debug;
		};
		8E8330902A9F0CAD00AEB7BA /* Release */ = {
			isa = XCBuildConfiguration;
			buildSettings = {
				ALWAYS_EMBED_SWIFT_STANDARD_LIBRARIES = YES;
				CODE_SIGN_STYLE = Automatic;
				CURRENT_PROJECT_VERSION = 1;
				DEVELOPMENT_TEAM = L38H27WM4C;
				GENERATE_INFOPLIST_FILE = YES;
				MARKETING_VERSION = 1.0;
				PRODUCT_BUNDLE_IDENTIFIER = com.infiniteminds.AutoServeIOSUITests;
				PRODUCT_NAME = "$(TARGET_NAME)";
				SWIFT_EMIT_LOC_STRINGS = NO;
				SWIFT_VERSION = 5.0;
				TARGETED_DEVICE_FAMILY = "1,2";
				TEST_TARGET_NAME = AutoServeIOS;
			};
			name = Release;
		};
/* End XCBuildConfiguration section */

/* Begin XCConfigurationList section */
		8E8330562A9F0CAA00AEB7BA /* Build configuration list for PBXProject "AutoServeIOS" */ = {
			isa = XCConfigurationList;
			buildConfigurations = (
				8E8330862A9F0CAD00AEB7BA /* Debug */,
				8E8330872A9F0CAD00AEB7BA /* Release */,
			);
			defaultConfigurationIsVisible = 0;
			defaultConfigurationName = Release;
		};
		8E8330882A9F0CAD00AEB7BA /* Build configuration list for PBXNativeTarget "AutoServeIOS" */ = {
			isa = XCConfigurationList;
			buildConfigurations = (
				8E8330892A9F0CAD00AEB7BA /* Debug */,
				8E83308A2A9F0CAD00AEB7BA /* Release */,
			);
			defaultConfigurationIsVisible = 0;
			defaultConfigurationName = Release;
		};
		8E83308B2A9F0CAD00AEB7BA /* Build configuration list for PBXNativeTarget "AutoServeIOSTests" */ = {
			isa = XCConfigurationList;
			buildConfigurations = (
				8E83308C2A9F0CAD00AEB7BA /* Debug */,
				8E83308D2A9F0CAD00AEB7BA /* Release */,
			);
			defaultConfigurationIsVisible = 0;
			defaultConfigurationName = Release;
		};
		8E83308E2A9F0CAD00AEB7BA /* Build configuration list for PBXNativeTarget "AutoServeIOSUITests" */ = {
			isa = XCConfigurationList;
			buildConfigurations = (
				8E83308F2A9F0CAD00AEB7BA /* Debug */,
				8E8330902A9F0CAD00AEB7BA /* Release */,
			);
			defaultConfigurationIsVisible = 0;
			defaultConfigurationName = Release;
		};
/* End XCConfigurationList section */

/* Begin XCVersionGroup section */
		8E8330672A9F0CAA00AEB7BA /* AutoServeIOS.xcdatamodeld */ = {
			isa = XCVersionGroup;
			children = (
				8E8330682A9F0CAA00AEB7BA /* AutoServeIOS.xcdatamodel */,
			);
			currentVersion = 8E8330682A9F0CAA00AEB7BA /* AutoServeIOS.xcdatamodel */;
			name = AutoServeIOS.xcdatamodeld;
			path = ../AutoServeIOS.xcdatamodeld;
			sourceTree = "<group>";
			versionGroupType = wrapper.xcdatamodel;
		};
/* End XCVersionGroup section */
	};
	rootObject = 8E8330532A9F0CAA00AEB7BA /* Project object */;
}
